
Microsoft Visual Studio Solution File, Format Version 12.00
Project("{FAE04EC0-301F-11D3-BF4B-00C04F79EFBC}") = "TestTaskMindBox.Library", "TestTaskMindBox.Library\TestTaskMindBox.Library.csproj", "{57C76B3A-DFCA-4ABB-9926-0DB21D13CB70}"
EndProject
Project("{2150E333-8FDC-42A3-9474-1A3956D46DE8}") = "TestTaskMindBox.Tests", "TestTaskMindBox.Tests", "{785A2C7F-7FFB-4293-A248-94E5209D0389}"
EndProject
Project("{FAE04EC0-301F-11D3-BF4B-00C04F79EFBC}") = "TestTaskMindBox.Tests", "TestTaskMindBox.Tests\TestTaskMindBox.Tests.csproj", "{59EA2654-6DF8-4942-AB4D-58EDF2ACF572}"
EndProject
Project("{2150E333-8FDC-42A3-9474-1A3956D46DE8}") = "TestTaskMindBox.Library", "TestTaskMindBox.Library", "{1B93F64D-523D-4CB7-A6B1-B48BCCC8D588}"
EndProject
Global
	GlobalSection(SolutionConfigurationPlatforms) = preSolution
		Debug|Any CPU = Debug|Any CPU
		Release|Any CPU = Release|Any CPU
	EndGlobalSection
	GlobalSection(ProjectConfigurationPlatforms) = postSolution
		{57C76B3A-DFCA-4ABB-9926-0DB21D13CB70}.Debug|Any CPU.ActiveCfg = Debug|Any CPU
		{57C76B3A-DFCA-4ABB-9926-0DB21D13CB70}.Debug|Any CPU.Build.0 = Debug|Any CPU
		{57C76B3A-DFCA-4ABB-9926-0DB21D13CB70}.Release|Any CPU.ActiveCfg = Release|Any CPU
		{57C76B3A-DFCA-4ABB-9926-0DB21D13CB70}.Release|Any CPU.Build.0 = Release|Any CPU
		{59EA2654-6DF8-4942-AB4D-58EDF2ACF572}.Debug|Any CPU.ActiveCfg = Debug|Any CPU
		{59EA2654-6DF8-4942-AB4D-58EDF2ACF572}.Debug|Any CPU.Build.0 = Debug|Any CPU
		{59EA2654-6DF8-4942-AB4D-58EDF2ACF572}.Release|Any CPU.ActiveCfg = Release|Any CPU
		{59EA2654-6DF8-4942-AB4D-58EDF2ACF572}.Release|Any CPU.Build.0 = Release|Any CPU
	EndGlobalSection
	GlobalSection(NestedProjects) = preSolution
		{59EA2654-6DF8-4942-AB4D-58EDF2ACF572} = {785A2C7F-7FFB-4293-A248-94E5209D0389}
		{57C76B3A-DFCA-4ABB-9926-0DB21D13CB70} = {1B93F64D-523D-4CB7-A6B1-B48BCCC8D588}
	EndGlobalSection
EndGlobal
